github.com/buger/jsonparser v1.1.1 h1:2PnMjfWD7wBILjqQbt530v576A/cAbQvEW9gGIpYMUs=
github.com/buger/jsonparser v1.1.1/go.mod h1:6RYKKt7H4d4+iWqouImQ9R2FZql3VbhNgx27UK13J/0=
github.com/kisielk/godepgraph v0.0.0-20221115040737-2d0831789458 h1:QHffewzTTAhdV2FQ0X6hxp/tHpRYXE3STwzaD94N1qw=
github.com/kisielk/godepgraph v0.0.0-20221115040737-2d0831789458/go.mod h1:Gb5YEgxqiSSVrXKWQxDcKoCM94NO5QAwOwTaVmIUAMI=
